
Microsoft Visual Studio Solution File, Format Version 12.00
# Visual Studio Version 17
VisualStudioVersion = 17.6.33829.357
MinimumVisualStudioVersion = 10.0.40219.1
Project("{FAE04EC0-301F-11D3-BF4B-00C04F79EFBC}") = "URLShortenerService", "URLShortenerService\URLShortenerService.csproj", "{976E8CB4-A1A9-46EE-9D0A-91236ECFD880}"
EndProject
Global
	GlobalSection(SolutionConfigurationPlatforms) = preSolution
		Debug|Any CPU = Debug|Any CPU
		Release|Any CPU = Release|Any CPU
	EndGlobalSection
	GlobalSection(ProjectConfigurationPlatforms) = postSolution
		{976E8CB4-A1A9-46EE-9D0A-91236ECFD880}.Debug|Any CPU.ActiveCfg = Debug|Any CPU
		{976E8CB4-A1A9-46EE-9D0A-91236ECFD880}.Debug|Any CPU.Build.0 = Debug|Any CPU
		{976E8CB4-A1A9-46EE-9D0A-91236ECFD880}.Release|Any CPU.ActiveCfg = Release|Any CPU
		{976E8CB4-A1A9-46EE-9D0A-91236ECFD880}.Release|Any CPU.Build.0 = Release|Any CPU
	EndGlobalSection
	GlobalSection(SolutionProperties) = preSolution
		HideSolutionNode = FALSE
	EndGlobalSection
	GlobalSection(ExtensibilityGlobals) = postSolution
		SolutionGuid = {1AEA6219-F99B-4D88-AF15-2EC5A60A8819}
	EndGlobalSection
EndGlobal
